
Microsoft Visual Studio Solution File, Format Version 12.00
# Visual Studio Version 16
VisualStudioVersion = 16.0.30011.22
MinimumVisualStudioVersion = 10.0.40219.1
Project("{F184B08F-C81C-45F6-A57F-5ABD9991F28F}") = "SCG DMS One Addon", "SCG Addon Taller\SCG DMS One Addon.vbproj", "{DA61CDD5-7613-4945-BE7C-9FCBCE59C459}"
	ProjectSection(ProjectDependencies) = postProject
		{8130CF02-4530-453E-B3E8-E8F41780E00F} = {8130CF02-4530-453E-B3E8-E8F41780E00F}
	EndProjectSection
EndProject
Project("{F184B08F-C81C-45F6-A57F-5ABD9991F28F}") = "DMSOneFramework", "DMSOneFramework\DMSOneFramework.vbproj", "{9AC48AE4-957F-4DAB-A079-CD660429F436}"
EndProject
Project("{F184B08F-C81C-45F6-A57F-5ABD9991F28F}") = "ClassForSetup", "ClassForSetup\ClassForSetup.vbproj", "{F5EC5BD0-F53B-44FB-B4A7-F4B63628B5F8}"
EndProject
Project("{FAE04EC0-301F-11D3-BF4B-00C04F79EFBC}") = "SCG.UX.Windows.CitasAutomaticas", "SCG.UX.Windows.CitasAutomaticas\SCG.UX.Windows.CitasAutomaticas.csproj", "{8C6746B8-F35E-4F06-84C5-59ECF20857E2}"
EndProject
Project("{F184B08F-C81C-45F6-A57F-5ABD9991F28F}") = "SCG.DMSOne.AddonTaller", "SCG.DMSOne.AddonTaller\SCG.DMSOne.AddonTaller.vbproj", "{EC215070-1E8F-4E1C-8BFD-C2348F988050}"
EndProject
Project("{FAE04EC0-301F-11D3-BF4B-00C04F79EFBC}") = "SCG.Cifrado", "SCG.Cifrado\SCG.Cifrado.csproj", "{DAB9576E-31CF-47D8-A21C-0B5EC04D2F6A}"
EndProject
Project("{F184B08F-C81C-45F6-A57F-5ABD9991F28F}") = "SCGAddOnInstaller", "SCGAddOnInstaller\SCGAddOnInstaller.vbproj", "{021DF8E7-BD40-4D81-8CEA-ABBB5470ECA2}"
EndProject
Project("{FAE04EC0-301F-11D3-BF4B-00C04F79EFBC}") = "SCG.Requisiciones", "SCG.Requisiciones\SCG.Requisiciones.csproj", "{DDFFBC6C-8CED-49D0-B339-85047C11E4E7}"
EndProject
Project("{FAE04EC0-301F-11D3-BF4B-00C04F79EFBC}") = "SCG.SBOFramework", "SCG.SBOFramework\SCG.SBOFramework.csproj", "{5956FFF3-24E5-4406-9EF0-67134A934865}"
EndProject
Project("{FAE04EC0-301F-11D3-BF4B-00C04F79EFBC}") = "SCG.DMSOne.Framework", "SCG.DMSOne.Framework\SCG.DMSOne.Framework.csproj", "{86819DD4-6443-4F85-8226-6DE9D8AE9F1D}"
EndProject
Project("{F184B08F-C81C-45F6-A57F-5ABD9991F28F}") = "StartProject", "StartProject\StartProject.vbproj", "{343D375D-1D92-429F-9CB9-97B41B99F3A3}"
EndProject
Project("{F184B08F-C81C-45F6-A57F-5ABD9991F28F}") = "SCG User Interface", "SCG User Interface\SCG User Interface.vbproj", "{9847E04E-CF9E-4885-A768-5E2FF54627F8}"
EndProject
Project("{F184B08F-C81C-45F6-A57F-5ABD9991F28F}") = "SCG.Financiamiento", "SCG.Financiamiento\SCG.Financiamiento.vbproj", "{F6CE18A5-0F7C-476A-BA62-58C2E5C1B91B}"
	ProjectSection(ProjectDependencies) = postProject
		{86819DD4-6443-4F85-8226-6DE9D8AE9F1D} = {86819DD4-6443-4F85-8226-6DE9D8AE9F1D}
	EndProjectSection
EndProject
Project("{FAE04EC0-301F-11D3-BF4B-00C04F79EFBC}") = "SCG.Placas", "SCG.Placas\SCG.Placas.csproj", "{B3A60467-EC2A-46A5-AD41-946C4EE8BCC5}"
EndProject
Project("{FAE04EC0-301F-11D3-BF4B-00C04F79EFBC}") = "SCG.ServicioPostVenta", "SCG.ServicioPostVenta\SCG.ServicioPostVenta.csproj", "{8130CF02-4530-453E-B3E8-E8F41780E00F}"
	ProjectSection(ProjectDependencies) = postProject
		{5956FFF3-24E5-4406-9EF0-67134A934865} = {5956FFF3-24E5-4406-9EF0-67134A934865}
	EndProjectSection
EndProject
Project("{FAE04EC0-301F-11D3-BF4B-00C04F79EFBC}") = "DMS_Connector", "DMS_Connector\DMS_Connector.csproj", "{085DE67A-A389-498F-ADBA-DB234DFF447E}"
EndProject
Project("{FAE04EC0-301F-11D3-BF4B-00C04F79EFBC}") = "SCG.Integration", "SCG.Integration\SCG.Integration.csproj", "{66F3EE10-DA11-4C62-A673-97200F8F4A5A}"
EndProject
Global
	GlobalSection(SolutionConfigurationPlatforms) = preSolution
		Debug|Any CPU = Debug|Any CPU
		Debug|Mixed Platforms = Debug|Mixed Platforms
		Debug|x64 = Debug|x64
		Debug|x86 = Debug|x86
		Release|Any CPU = Release|Any CPU
		Release|Mixed Platforms = Release|Mixed Platforms
		Release|x64 = Release|x64
		Release|x86 = Release|x86
	EndGlobalSection
	GlobalSection(ProjectConfigurationPlatforms) = postSolution
		{DA61CDD5-7613-4945-BE7C-9FCBCE59C459}.Debug|Any CPU.ActiveCfg = Debug|Any CPU
		{DA61CDD5-7613-4945-BE7C-9FCBCE59C459}.Debug|Any CPU.Build.0 = Debug|Any CPU
		{DA61CDD5-7613-4945-BE7C-9FCBCE59C459}.Debug|Mixed Platforms.ActiveCfg = Debug|x86
		{DA61CDD5-7613-4945-BE7C-9FCBCE59C459}.Debug|Mixed Platforms.Build.0 = Debug|x86
		{DA61CDD5-7613-4945-BE7C-9FCBCE59C459}.Debug|x64.ActiveCfg = Debug|x64
		{DA61CDD5-7613-4945-BE7C-9FCBCE59C459}.Debug|x64.Build.0 = Debug|x64
		{DA61CDD5-7613-4945-BE7C-9FCBCE59C459}.Debug|x86.ActiveCfg = Debug|x86
		{DA61CDD5-7613-4945-BE7C-9FCBCE59C459}.Debug|x86.Build.0 = Debug|x86
		{DA61CDD5-7613-4945-BE7C-9FCBCE59C459}.Release|Any CPU.ActiveCfg = Release|Any CPU
		{DA61CDD5-7613-4945-BE7C-9FCBCE59C459}.Release|Any CPU.Build.0 = Release|Any CPU
		{DA61CDD5-7613-4945-BE7C-9FCBCE59C459}.Release|Mixed Platforms.ActiveCfg = Release|x86
		{DA61CDD5-7613-4945-BE7C-9FCBCE59C459}.Release|Mixed Platforms.Build.0 = Release|x86
		{DA61CDD5-7613-4945-BE7C-9FCBCE59C459}.Release|x64.ActiveCfg = Release|x64
		{DA61CDD5-7613-4945-BE7C-9FCBCE59C459}.Release|x64.Build.0 = Release|x64
		{DA61CDD5-7613-4945-BE7C-9FCBCE59C459}.Release|x86.ActiveCfg = Release|x86
		{DA61CDD5-7613-4945-BE7C-9FCBCE59C459}.Release|x86.Build.0 = Release|x86
		{9AC48AE4-957F-4DAB-A079-CD660429F436}.Debug|Any CPU.ActiveCfg = Debug|Any CPU
		{9AC48AE4-957F-4DAB-A079-CD660429F436}.Debug|Any CPU.Build.0 = Debug|Any CPU
		{9AC48AE4-957F-4DAB-A079-CD660429F436}.Debug|Mixed Platforms.ActiveCfg = Debug|x86
		{9AC48AE4-957F-4DAB-A079-CD660429F436}.Debug|Mixed Platforms.Build.0 = Debug|x86
		{9AC48AE4-957F-4DAB-A079-CD660429F436}.Debug|x64.ActiveCfg = Debug|x64
		{9AC48AE4-957F-4DAB-A079-CD660429F436}.Debug|x64.Build.0 = Debug|x64
		{9AC48AE4-957F-4DAB-A079-CD660429F436}.Debug|x86.ActiveCfg = Debug|x86
		{9AC48AE4-957F-4DAB-A079-CD660429F436}.Debug|x86.Build.0 = Debug|x86
		{9AC48AE4-957F-4DAB-A079-CD660429F436}.Release|Any CPU.ActiveCfg = Release|Any CPU
		{9AC48AE4-957F-4DAB-A079-CD660429F436}.Release|Any CPU.Build.0 = Release|Any CPU
		{9AC48AE4-957F-4DAB-A079-CD660429F436}.Release|Mixed Platforms.ActiveCfg = Release|x86
		{9AC48AE4-957F-4DAB-A079-CD660429F436}.Release|Mixed Platforms.Build.0 = Release|x86
		{9AC48AE4-957F-4DAB-A079-CD660429F436}.Release|x64.ActiveCfg = Release|x64
		{9AC48AE4-957F-4DAB-A079-CD660429F436}.Release|x64.Build.0 = Release|x64
		{9AC48AE4-957F-4DAB-A079-CD660429F436}.Release|x86.ActiveCfg = Release|x86
		{9AC48AE4-957F-4DAB-A079-CD660429F436}.Release|x86.Build.0 = Release|x86
		{F5EC5BD0-F53B-44FB-B4A7-F4B63628B5F8}.Debug|Any CPU.ActiveCfg = Debug|Any CPU
		{F5EC5BD0-F53B-44FB-B4A7-F4B63628B5F8}.Debug|Mixed Platforms.ActiveCfg = Debug|x86
		{F5EC5BD0-F53B-44FB-B4A7-F4B63628B5F8}.Debug|Mixed Platforms.Build.0 = Debug|x86
		{F5EC5BD0-F53B-44FB-B4A7-F4B63628B5F8}.Debug|x64.ActiveCfg = Debug|x64
		{F5EC5BD0-F53B-44FB-B4A7-F4B63628B5F8}.Debug|x86.ActiveCfg = Debug|x86
		{F5EC5BD0-F53B-44FB-B4A7-F4B63628B5F8}.Release|Any CPU.ActiveCfg = Release|Any CPU
		{F5EC5BD0-F53B-44FB-B4A7-F4B63628B5F8}.Release|Any CPU.Build.0 = Release|Any CPU
		{F5EC5BD0-F53B-44FB-B4A7-F4B63628B5F8}.Release|Mixed Platforms.ActiveCfg = Release|x86
		{F5EC5BD0-F53B-44FB-B4A7-F4B63628B5F8}.Release|Mixed Platforms.Build.0 = Release|x86
		{F5EC5BD0-F53B-44FB-B4A7-F4B63628B5F8}.Release|x64.ActiveCfg = Release|x64
		{F5EC5BD0-F53B-44FB-B4A7-F4B63628B5F8}.Release|x86.ActiveCfg = Release|x86
		{8C6746B8-F35E-4F06-84C5-59ECF20857E2}.Debug|Any CPU.ActiveCfg = Debug|Any CPU
		{8C6746B8-F35E-4F06-84C5-59ECF20857E2}.Debug|Any CPU.Build.0 = Debug|Any CPU
		{8C6746B8-F35E-4F06-84C5-59ECF20857E2}.Debug|Mixed Platforms.ActiveCfg = Debug|x86
		{8C6746B8-F35E-4F06-84C5-59ECF20857E2}.Debug|Mixed Platforms.Build.0 = Debug|x86
		{8C6746B8-F35E-4F06-84C5-59ECF20857E2}.Debug|x64.ActiveCfg = Debug|x64
		{8C6746B8-F35E-4F06-84C5-59ECF20857E2}.Debug|x64.Build.0 = Debug|x64
		{8C6746B8-F35E-4F06-84C5-59ECF20857E2}.Debug|x86.ActiveCfg = Debug|x86
		{8C6746B8-F35E-4F06-84C5-59ECF20857E2}.Debug|x86.Build.0 = Debug|x86
		{8C6746B8-F35E-4F06-84C5-59ECF20857E2}.Release|Any CPU.ActiveCfg = Release|Any CPU
		{8C6746B8-F35E-4F06-84C5-59ECF20857E2}.Release|Any CPU.Build.0 = Release|Any CPU
		{8C6746B8-F35E-4F06-84C5-59ECF20857E2}.Release|Mixed Platforms.ActiveCfg = Release|x86
		{8C6746B8-F35E-4F06-84C5-59ECF20857E2}.Release|Mixed Platforms.Build.0 = Release|x86
		{8C6746B8-F35E-4F06-84C5-59ECF20857E2}.Release|x64.ActiveCfg = Release|x64
		{8C6746B8-F35E-4F06-84C5-59ECF20857E2}.Release|x64.Build.0 = Release|x64
		{8C6746B8-F35E-4F06-84C5-59ECF20857E2}.Release|x86.ActiveCfg = Release|x86
		{8C6746B8-F35E-4F06-84C5-59ECF20857E2}.Release|x86.Build.0 = Release|x86
		{EC215070-1E8F-4E1C-8BFD-C2348F988050}.Debug|Any CPU.ActiveCfg = Debug|Any CPU
		{EC215070-1E8F-4E1C-8BFD-C2348F988050}.Debug|Any CPU.Build.0 = Debug|Any CPU
		{EC215070-1E8F-4E1C-8BFD-C2348F988050}.Debug|Mixed Platforms.ActiveCfg = Debug|x86
		{EC215070-1E8F-4E1C-8BFD-C2348F988050}.Debug|Mixed Platforms.Build.0 = Debug|x86
		{EC215070-1E8F-4E1C-8BFD-C2348F988050}.Debug|x64.ActiveCfg = Debug|x64
		{EC215070-1E8F-4E1C-8BFD-C2348F988050}.Debug|x64.Build.0 = Debug|x64
		{EC215070-1E8F-4E1C-8BFD-C2348F988050}.Debug|x86.ActiveCfg = Debug|x86
		{EC215070-1E8F-4E1C-8BFD-C2348F988050}.Debug|x86.Build.0 = Debug|x86
		{EC215070-1E8F-4E1C-8BFD-C2348F988050}.Release|Any CPU.ActiveCfg = Release|Any CPU
		{EC215070-1E8F-4E1C-8BFD-C2348F988050}.Release|Any CPU.Build.0 = Release|Any CPU
		{EC215070-1E8F-4E1C-8BFD-C2348F988050}.Release|Mixed Platforms.ActiveCfg = Release|x86
		{EC215070-1E8F-4E1C-8BFD-C2348F988050}.Release|Mixed Platforms.Build.0 = Release|x86
		{EC215070-1E8F-4E1C-8BFD-C2348F988050}.Release|x64.ActiveCfg = Release|x64
		{EC215070-1E8F-4E1C-8BFD-C2348F988050}.Release|x64.Build.0 = Release|x64
		{EC215070-1E8F-4E1C-8BFD-C2348F988050}.Release|x86.ActiveCfg = Release|x86
		{EC215070-1E8F-4E1C-8BFD-C2348F988050}.Release|x86.Build.0 = Release|x86
		{DAB9576E-31CF-47D8-A21C-0B5EC04D2F6A}.Debug|Any CPU.ActiveCfg = Debug|Any CPU
		{DAB9576E-31CF-47D8-A21C-0B5EC04D2F6A}.Debug|Any CPU.Build.0 = Debug|Any CPU
		{DAB9576E-31CF-47D8-A21C-0B5EC04D2F6A}.Debug|Mixed Platforms.ActiveCfg = Debug|x86
		{DAB9576E-31CF-47D8-A21C-0B5EC04D2F6A}.Debug|Mixed Platforms.Build.0 = Debug|x86
		{DAB9576E-31CF-47D8-A21C-0B5EC04D2F6A}.Debug|x64.ActiveCfg = Debug|x64
		{DAB9576E-31CF-47D8-A21C-0B5EC04D2F6A}.Debug|x64.Build.0 = Debug|x64
		{DAB9576E-31CF-47D8-A21C-0B5EC04D2F6A}.Debug|x86.ActiveCfg = Debug|x86
		{DAB9576E-31CF-47D8-A21C-0B5EC04D2F6A}.Debug|x86.Build.0 = Debug|x86
		{DAB9576E-31CF-47D8-A21C-0B5EC04D2F6A}.Release|Any CPU.ActiveCfg = Release|Any CPU
		{DAB9576E-31CF-47D8-A21C-0B5EC04D2F6A}.Release|Any CPU.Build.0 = Release|Any CPU
		{DAB9576E-31CF-47D8-A21C-0B5EC04D2F6A}.Release|Mixed Platforms.ActiveCfg = Release|x86
		{DAB9576E-31CF-47D8-A21C-0B5EC04D2F6A}.Release|Mixed Platforms.Build.0 = Release|x86
		{DAB9576E-31CF-47D8-A21C-0B5EC04D2F6A}.Release|x64.ActiveCfg = Release|x64
		{DAB9576E-31CF-47D8-A21C-0B5EC04D2F6A}.Release|x64.Build.0 = Release|x64
		{DAB9576E-31CF-47D8-A21C-0B5EC04D2F6A}.Release|x86.ActiveCfg = Release|x86
		{DAB9576E-31CF-47D8-A21C-0B5EC04D2F6A}.Release|x86.Build.0 = Release|x86
		{021DF8E7-BD40-4D81-8CEA-ABBB5470ECA2}.Debug|Any CPU.ActiveCfg = Debug|Any CPU
		{021DF8E7-BD40-4D81-8CEA-ABBB5470ECA2}.Debug|Mixed Platforms.ActiveCfg = Debug|x86
		{021DF8E7-BD40-4D81-8CEA-ABBB5470ECA2}.Debug|Mixed Platforms.Build.0 = Debug|x86
		{021DF8E7-BD40-4D81-8CEA-ABBB5470ECA2}.Debug|x64.ActiveCfg = Debug|x64
		{021DF8E7-BD40-4D81-8CEA-ABBB5470ECA2}.Debug|x86.ActiveCfg = Debug|x86
		{021DF8E7-BD40-4D81-8CEA-ABBB5470ECA2}.Release|Any CPU.ActiveCfg = Release|Any CPU
		{021DF8E7-BD40-4D81-8CEA-ABBB5470ECA2}.Release|Any CPU.Build.0 = Release|Any CPU
		{021DF8E7-BD40-4D81-8CEA-ABBB5470ECA2}.Release|Mixed Platforms.ActiveCfg = Release|x86
		{021DF8E7-BD40-4D81-8CEA-ABBB5470ECA2}.Release|Mixed Platforms.Build.0 = Release|x86
		{021DF8E7-BD40-4D81-8CEA-ABBB5470ECA2}.Release|x64.ActiveCfg = Release|Any CPU
		{021DF8E7-BD40-4D81-8CEA-ABBB5470ECA2}.Release|x86.ActiveCfg = Release|x86
		{DDFFBC6C-8CED-49D0-B339-85047C11E4E7}.Debug|Any CPU.ActiveCfg = Debug|Any CPU
		{DDFFBC6C-8CED-49D0-B339-85047C11E4E7}.Debug|Any CPU.Build.0 = Debug|Any CPU
		{DDFFBC6C-8CED-49D0-B339-85047C11E4E7}.Debug|Mixed Platforms.ActiveCfg = Debug|x86
		{DDFFBC6C-8CED-49D0-B339-85047C11E4E7}.Debug|Mixed Platforms.Build.0 = Debug|x86
		{DDFFBC6C-8CED-49D0-B339-85047C11E4E7}.Debug|x64.ActiveCfg = Debug|x64
		{DDFFBC6C-8CED-49D0-B339-85047C11E4E7}.Debug|x64.Build.0 = Debug|x64
		{DDFFBC6C-8CED-49D0-B339-85047C11E4E7}.Debug|x86.ActiveCfg = Debug|x86
		{DDFFBC6C-8CED-49D0-B339-85047C11E4E7}.Debug|x86.Build.0 = Debug|x86
		{DDFFBC6C-8CED-49D0-B339-85047C11E4E7}.Release|Any CPU.ActiveCfg = Release|Any CPU
		{DDFFBC6C-8CED-49D0-B339-85047C11E4E7}.Release|Any CPU.Build.0 = Release|Any CPU
		{DDFFBC6C-8CED-49D0-B339-85047C11E4E7}.Release|Mixed Platforms.ActiveCfg = Release|x86
		{DDFFBC6C-8CED-49D0-B339-85047C11E4E7}.Release|Mixed Platforms.Build.0 = Release|x86
		{DDFFBC6C-8CED-49D0-B339-85047C11E4E7}.Release|x64.ActiveCfg = Release|x64
		{DDFFBC6C-8CED-49D0-B339-85047C11E4E7}.Release|x64.Build.0 = Release|x64
		{DDFFBC6C-8CED-49D0-B339-85047C11E4E7}.Release|x86.ActiveCfg = Release|x86
		{DDFFBC6C-8CED-49D0-B339-85047C11E4E7}.Release|x86.Build.0 = Release|x86
		{5956FFF3-24E5-4406-9EF0-67134A934865}.Debug|Any CPU.ActiveCfg = Debug|Any CPU
		{5956FFF3-24E5-4406-9EF0-67134A934865}.Debug|Any CPU.Build.0 = Debug|Any CPU
		{5956FFF3-24E5-4406-9EF0-67134A934865}.Debug|Mixed Platforms.ActiveCfg = Debug|x86
		{5956FFF3-24E5-4406-9EF0-67134A934865}.Debug|Mixed Platforms.Build.0 = Debug|x86
		{5956FFF3-24E5-4406-9EF0-67134A934865}.Debug|x64.ActiveCfg = Debug|x64
		{5956FFF3-24E5-4406-9EF0-67134A934865}.Debug|x64.Build.0 = Debug|x64
		{5956FFF3-24E5-4406-9EF0-67134A934865}.Debug|x86.ActiveCfg = Debug|x86
		{5956FFF3-24E5-4406-9EF0-67134A934865}.Debug|x86.Build.0 = Debug|x86
		{5956FFF3-24E5-4406-9EF0-67134A934865}.Release|Any CPU.ActiveCfg = Release|Any CPU
		{5956FFF3-24E5-4406-9EF0-67134A934865}.Release|Any CPU.Build.0 = Release|Any CPU
		{5956FFF3-24E5-4406-9EF0-67134A934865}.Release|Mixed Platforms.ActiveCfg = Release|x86
		{5956FFF3-24E5-4406-9EF0-67134A934865}.Release|Mixed Platforms.Build.0 = Release|x86
		{5956FFF3-24E5-4406-9EF0-67134A934865}.Release|x64.ActiveCfg = Release|x64
		{5956FFF3-24E5-4406-9EF0-67134A934865}.Release|x64.Build.0 = Release|x64
		{5956FFF3-24E5-4406-9EF0-67134A934865}.Release|x86.ActiveCfg = Release|x86
		{5956FFF3-24E5-4406-9EF0-67134A934865}.Release|x86.Build.0 = Release|x86
		{86819DD4-6443-4F85-8226-6DE9D8AE9F1D}.Debug|Any CPU.ActiveCfg = Debug|Any CPU
		{86819DD4-6443-4F85-8226-6DE9D8AE9F1D}.Debug|Any CPU.Build.0 = Debug|Any CPU
		{86819DD4-6443-4F85-8226-6DE9D8AE9F1D}.Debug|Mixed Platforms.ActiveCfg = Debug|x86
		{86819DD4-6443-4F85-8226-6DE9D8AE9F1D}.Debug|Mixed Platforms.Build.0 = Debug|x86
		{86819DD4-6443-4F85-8226-6DE9D8AE9F1D}.Debug|x64.ActiveCfg = Debug|x64
		{86819DD4-6443-4F85-8226-6DE9D8AE9F1D}.Debug|x64.Build.0 = Debug|x64
		{86819DD4-6443-4F85-8226-6DE9D8AE9F1D}.Debug|x86.ActiveCfg = Debug|x86
		{86819DD4-6443-4F85-8226-6DE9D8AE9F1D}.Debug|x86.Build.0 = Debug|x86
		{86819DD4-6443-4F85-8226-6DE9D8AE9F1D}.Release|Any CPU.ActiveCfg = Release|Any CPU
		{86819DD4-6443-4F85-8226-6DE9D8AE9F1D}.Release|Any CPU.Build.0 = Release|Any CPU
		{86819DD4-6443-4F85-8226-6DE9D8AE9F1D}.Release|Mixed Platforms.ActiveCfg = Release|x86
		{86819DD4-6443-4F85-8226-6DE9D8AE9F1D}.Release|Mixed Platforms.Build.0 = Release|x86
		{86819DD4-6443-4F85-8226-6DE9D8AE9F1D}.Release|x64.ActiveCfg = Release|x64
		{86819DD4-6443-4F85-8226-6DE9D8AE9F1D}.Release|x64.Build.0 = Release|x64
		{86819DD4-6443-4F85-8226-6DE9D8AE9F1D}.Release|x86.ActiveCfg = Release|x86
		{86819DD4-6443-4F85-8226-6DE9D8AE9F1D}.Release|x86.Build.0 = Release|x86
		{343D375D-1D92-429F-9CB9-97B41B99F3A3}.Debug|Any CPU.ActiveCfg = Debug|Any CPU
		{343D375D-1D92-429F-9CB9-97B41B99F3A3}.Debug|Any CPU.Build.0 = Debug|Any CPU
		{343D375D-1D92-429F-9CB9-97B41B99F3A3}.Debug|Mixed Platforms.ActiveCfg = Debug|x86
		{343D375D-1D92-429F-9CB9-97B41B99F3A3}.Debug|Mixed Platforms.Build.0 = Debug|x86
		{343D375D-1D92-429F-9CB9-97B41B99F3A3}.Debug|x64.ActiveCfg = Debug|x64
		{343D375D-1D92-429F-9CB9-97B41B99F3A3}.Debug|x86.ActiveCfg = Debug|x86
		{343D375D-1D92-429F-9CB9-97B41B99F3A3}.Debug|x86.Build.0 = Debug|x86
		{343D375D-1D92-429F-9CB9-97B41B99F3A3}.Release|Any CPU.ActiveCfg = Release|Any CPU
		{343D375D-1D92-429F-9CB9-97B41B99F3A3}.Release|Any CPU.Build.0 = Release|Any CPU
		{343D375D-1D92-429F-9CB9-97B41B99F3A3}.Release|Mixed Platforms.ActiveCfg = Release|x86
		{343D375D-1D92-429F-9CB9-97B41B99F3A3}.Release|Mixed Platforms.Build.0 = Release|x86
		{343D375D-1D92-429F-9CB9-97B41B99F3A3}.Release|x64.ActiveCfg = Release|x64
		{343D375D-1D92-429F-9CB9-97B41B99F3A3}.Release|x64.Build.0 = Release|x64
		{343D375D-1D92-429F-9CB9-97B41B99F3A3}.Release|x86.ActiveCfg = Release|x86
		{343D375D-1D92-429F-9CB9-97B41B99F3A3}.Release|x86.Build.0 = Release|x86
		{9847E04E-CF9E-4885-A768-5E2FF54627F8}.Debug|Any CPU.ActiveCfg = Debug|Any CPU
		{9847E04E-CF9E-4885-A768-5E2FF54627F8}.Debug|Any CPU.Build.0 = Debug|Any CPU
		{9847E04E-CF9E-4885-A768-5E2FF54627F8}.Debug|Mixed Platforms.ActiveCfg = Debug|x86
		{9847E04E-CF9E-4885-A768-5E2FF54627F8}.Debug|Mixed Platforms.Build.0 = Debug|x86
		{9847E04E-CF9E-4885-A768-5E2FF54627F8}.Debug|x64.ActiveCfg = Debug|x64
		{9847E04E-CF9E-4885-A768-5E2FF54627F8}.Debug|x64.Build.0 = Debug|x64
		{9847E04E-CF9E-4885-A768-5E2FF54627F8}.Debug|x86.ActiveCfg = Debug|x86
		{9847E04E-CF9E-4885-A768-5E2FF54627F8}.Debug|x86.Build.0 = Debug|x86
		{9847E04E-CF9E-4885-A768-5E2FF54627F8}.Release|Any CPU.ActiveCfg = Release|Any CPU
		{9847E04E-CF9E-4885-A768-5E2FF54627F8}.Release|Any CPU.Build.0 = Release|Any CPU
		{9847E04E-CF9E-4885-A768-5E2FF54627F8}.Release|Mixed Platforms.ActiveCfg = Release|x86
		{9847E04E-CF9E-4885-A768-5E2FF54627F8}.Release|Mixed Platforms.Build.0 = Release|x86
		{9847E04E-CF9E-4885-A768-5E2FF54627F8}.Release|x64.ActiveCfg = Release|x64
		{9847E04E-CF9E-4885-A768-5E2FF54627F8}.Release|x64.Build.0 = Release|x64
		{9847E04E-CF9E-4885-A768-5E2FF54627F8}.Release|x86.ActiveCfg = Release|x86
		{9847E04E-CF9E-4885-A768-5E2FF54627F8}.Release|x86.Build.0 = Release|x86
		{F6CE18A5-0F7C-476A-BA62-58C2E5C1B91B}.Debug|Any CPU.ActiveCfg = Debug|Any CPU
		{F6CE18A5-0F7C-476A-BA62-58C2E5C1B91B}.Debug|Any CPU.Build.0 = Debug|Any CPU
		{F6CE18A5-0F7C-476A-BA62-58C2E5C1B91B}.Debug|Mixed Platforms.ActiveCfg = Debug|x86
		{F6CE18A5-0F7C-476A-BA62-58C2E5C1B91B}.Debug|Mixed Platforms.Build.0 = Debug|x86
		{F6CE18A5-0F7C-476A-BA62-58C2E5C1B91B}.Debug|x64.ActiveCfg = Debug|x64
		{F6CE18A5-0F7C-476A-BA62-58C2E5C1B91B}.Debug|x64.Build.0 = Debug|x64
		{F6CE18A5-0F7C-476A-BA62-58C2E5C1B91B}.Debug|x86.ActiveCfg = Debug|x86
		{F6CE18A5-0F7C-476A-BA62-58C2E5C1B91B}.Debug|x86.Build.0 = Debug|x86
		{F6CE18A5-0F7C-476A-BA62-58C2E5C1B91B}.Release|Any CPU.ActiveCfg = Release|Any CPU
		{F6CE18A5-0F7C-476A-BA62-58C2E5C1B91B}.Release|Any CPU.Build.0 = Release|Any CPU
		{F6CE18A5-0F7C-476A-BA62-58C2E5C1B91B}.Release|Mixed Platforms.ActiveCfg = Release|x86
		{F6CE18A5-0F7C-476A-BA62-58C2E5C1B91B}.Release|Mixed Platforms.Build.0 = Release|x86
		{F6CE18A5-0F7C-476A-BA62-58C2E5C1B91B}.Release|x64.ActiveCfg = Release|x64
		{F6CE18A5-0F7C-476A-BA62-58C2E5C1B91B}.Release|x64.Build.0 = Release|x64
		{F6CE18A5-0F7C-476A-BA62-58C2E5C1B91B}.Release|x86.ActiveCfg = Release|x86
		{F6CE18A5-0F7C-476A-BA62-58C2E5C1B91B}.Release|x86.Build.0 = Release|x86
		{B3A60467-EC2A-46A5-AD41-946C4EE8BCC5}.Debug|Any CPU.ActiveCfg = Debug|Any CPU
		{B3A60467-EC2A-46A5-AD41-946C4EE8BCC5}.Debug|Any CPU.Build.0 = Debug|Any CPU
		{B3A60467-EC2A-46A5-AD41-946C4EE8BCC5}.Debug|Mixed Platforms.ActiveCfg = Debug|x86
		{B3A60467-EC2A-46A5-AD41-946C4EE8BCC5}.Debug|Mixed Platforms.Build.0 = Debug|x86
		{B3A60467-EC2A-46A5-AD41-946C4EE8BCC5}.Debug|x64.ActiveCfg = Debug|x64
		{B3A60467-EC2A-46A5-AD41-946C4EE8BCC5}.Debug|x64.Build.0 = Debug|x64
		{B3A60467-EC2A-46A5-AD41-946C4EE8BCC5}.Debug|x86.ActiveCfg = Debug|x86
		{B3A60467-EC2A-46A5-AD41-946C4EE8BCC5}.Debug|x86.Build.0 = Debug|x86
		{B3A60467-EC2A-46A5-AD41-946C4EE8BCC5}.Release|Any CPU.ActiveCfg = Release|Any CPU
		{B3A60467-EC2A-46A5-AD41-946C4EE8BCC5}.Release|Any CPU.Build.0 = Release|Any CPU
		{B3A60467-EC2A-46A5-AD41-946C4EE8BCC5}.Release|Mixed Platforms.ActiveCfg = Release|x86
		{B3A60467-EC2A-46A5-AD41-946C4EE8BCC5}.Release|Mixed Platforms.Build.0 = Release|x86
		{B3A60467-EC2A-46A5-AD41-946C4EE8BCC5}.Release|x64.ActiveCfg = Release|x64
		{B3A60467-EC2A-46A5-AD41-946C4EE8BCC5}.Release|x64.Build.0 = Release|x64
		{B3A60467-EC2A-46A5-AD41-946C4EE8BCC5}.Release|x86.ActiveCfg = Release|x86
		{B3A60467-EC2A-46A5-AD41-946C4EE8BCC5}.Release|x86.Build.0 = Release|x86
		{8130CF02-4530-453E-B3E8-E8F41780E00F}.Debug|Any CPU.ActiveCfg = Debug|Any CPU
		{8130CF02-4530-453E-B3E8-E8F41780E00F}.Debug|Any CPU.Build.0 = Debug|Any CPU
		{8130CF02-4530-453E-B3E8-E8F41780E00F}.Debug|Mixed Platforms.ActiveCfg = Debug|Any CPU
		{8130CF02-4530-453E-B3E8-E8F41780E00F}.Debug|Mixed Platforms.Build.0 = Debug|Any CPU
		{8130CF02-4530-453E-B3E8-E8F41780E00F}.Debug|x64.ActiveCfg = Debug|x64
		{8130CF02-4530-453E-B3E8-E8F41780E00F}.Debug|x64.Build.0 = Debug|x64
		{8130CF02-4530-453E-B3E8-E8F41780E00F}.Debug|x86.ActiveCfg = Debug|x86
		{8130CF02-4530-453E-B3E8-E8F41780E00F}.Debug|x86.Build.0 = Debug|x86
		{8130CF02-4530-453E-B3E8-E8F41780E00F}.Release|Any CPU.ActiveCfg = Release|Any CPU
		{8130CF02-4530-453E-B3E8-E8F41780E00F}.Release|Any CPU.Build.0 = Release|Any CPU
		{8130CF02-4530-453E-B3E8-E8F41780E00F}.Release|Mixed Platforms.ActiveCfg = Release|x86
		{8130CF02-4530-453E-B3E8-E8F41780E00F}.Release|Mixed Platforms.Build.0 = Release|x86
		{8130CF02-4530-453E-B3E8-E8F41780E00F}.Release|x64.ActiveCfg = Release|x64
		{8130CF02-4530-453E-B3E8-E8F41780E00F}.Release|x64.Build.0 = Release|x64
		{8130CF02-4530-453E-B3E8-E8F41780E00F}.Release|x86.ActiveCfg = Release|x86
		{8130CF02-4530-453E-B3E8-E8F41780E00F}.Release|x86.Build.0 = Release|x86
		{085DE67A-A389-498F-ADBA-DB234DFF447E}.Debug|Any CPU.ActiveCfg = Debug|Any CPU
		{085DE67A-A389-498F-ADBA-DB234DFF447E}.Debug|Any CPU.Build.0 = Debug|Any CPU
		{085DE67A-A389-498F-ADBA-DB234DFF447E}.Debug|Mixed Platforms.ActiveCfg = Debug|Any CPU
		{085DE67A-A389-498F-ADBA-DB234DFF447E}.Debug|Mixed Platforms.Build.0 = Debug|Any CPU
		{085DE67A-A389-498F-ADBA-DB234DFF447E}.Debug|x64.ActiveCfg = Debug|x64
		{085DE67A-A389-498F-ADBA-DB234DFF447E}.Debug|x64.Build.0 = Debug|x64
		{085DE67A-A389-498F-ADBA-DB234DFF447E}.Debug|x86.ActiveCfg = Debug|x86
		{085DE67A-A389-498F-ADBA-DB234DFF447E}.Debug|x86.Build.0 = Debug|x86
		{085DE67A-A389-498F-ADBA-DB234DFF447E}.Release|Any CPU.ActiveCfg = Release|Any CPU
		{085DE67A-A389-498F-ADBA-DB234DFF447E}.Release|Any CPU.Build.0 = Release|Any CPU
		{085DE67A-A389-498F-ADBA-DB234DFF447E}.Release|Mixed Platforms.ActiveCfg = Release|Any CPU
		{085DE67A-A389-498F-ADBA-DB234DFF447E}.Release|Mixed Platforms.Build.0 = Release|Any CPU
		{085DE67A-A389-498F-ADBA-DB234DFF447E}.Release|x64.ActiveCfg = Release|x64
		{085DE67A-A389-498F-ADBA-DB234DFF447E}.Release|x64.Build.0 = Release|x64
		{085DE67A-A389-498F-ADBA-DB234DFF447E}.Release|x86.ActiveCfg = Release|x86
		{085DE67A-A389-498F-ADBA-DB234DFF447E}.Release|x86.Build.0 = Release|x86
		{66F3EE10-DA11-4C62-A673-97200F8F4A5A}.Debug|Any CPU.ActiveCfg = Debug|Any CPU
		{66F3EE10-DA11-4C62-A673-97200F8F4A5A}.Debug|Any CPU.Build.0 = Debug|Any CPU
		{66F3EE10-DA11-4C62-A673-97200F8F4A5A}.Debug|Mixed Platforms.ActiveCfg = Debug|Any CPU
		{66F3EE10-DA11-4C62-A673-97200F8F4A5A}.Debug|Mixed Platforms.Build.0 = Debug|Any CPU
		{66F3EE10-DA11-4C62-A673-97200F8F4A5A}.Debug|x64.ActiveCfg = Debug|x64
		{66F3EE10-DA11-4C62-A673-97200F8F4A5A}.Debug|x64.Build.0 = Debug|x64
		{66F3EE10-DA11-4C62-A673-97200F8F4A5A}.Debug|x86.ActiveCfg = Debug|x86
		{66F3EE10-DA11-4C62-A673-97200F8F4A5A}.Debug|x86.Build.0 = Debug|x86
		{66F3EE10-DA11-4C62-A673-97200F8F4A5A}.Release|Any CPU.ActiveCfg = Release|Any CPU
		{66F3EE10-DA11-4C62-A673-97200F8F4A5A}.Release|Any CPU.Build.0 = Release|Any CPU
		{66F3EE10-DA11-4C62-A673-97200F8F4A5A}.Release|Mixed Platforms.ActiveCfg = Release|Any CPU
		{66F3EE10-DA11-4C62-A673-97200F8F4A5A}.Release|Mixed Platforms.Build.0 = Release|Any CPU
		{66F3EE10-DA11-4C62-A673-97200F8F4A5A}.Release|x64.ActiveCfg = Release|x64
		{66F3EE10-DA11-4C62-A673-97200F8F4A5A}.Release|x64.Build.0 = Release|x64
		{66F3EE10-DA11-4C62-A673-97200F8F4A5A}.Release|x86.ActiveCfg = Release|x86
		{66F3EE10-DA11-4C62-A673-97200F8F4A5A}.Release|x86.Build.0 = Release|x86
	EndGlobalSection
	GlobalSection(SolutionProperties) = preSolution
		HideSolutionNode = FALSE
	EndGlobalSection
	GlobalSection(ExtensibilityGlobals) = postSolution
		SolutionGuid = {EE1E1C64-4051-4066-8E44-5F8D43AC1EFB}
	EndGlobalSection
EndGlobal
